// !$*UTF8*$!
{
	archiveVersion = 1;
	classes = {
	};
	objectVersion = 70;
	objects = {

/* Begin PBXBuildFile section */
		B20506502D98A3E50082FEA2 /* PersistantDB.swift in Sources */ = {isa = PBXBuildFile; fileRef = B205064F2D98A3CC0082FEA2 /* PersistantDB.swift */; };
		B2177BB12CBB3DA500DDF4E7 /* AuthView.swift in Sources */ = {isa = PBXBuildFile; fileRef = B2177BAE2CBB3DA500DDF4E7 /* AuthView.swift */; };
		B22E10F02D04F723003F3D9F /* AuthBackend.swift in Sources */ = {isa = PBXBuildFile; fileRef = B22E10ED2D04F71E003F3D9F /* AuthBackend.swift */; };
		B22E10F22D04F7C0003F3D9F /* OAuthTokens.swift in Sources */ = {isa = PBXBuildFile; fileRef = B22E10F12D04F7AF003F3D9F /* OAuthTokens.swift */; };
		B22E10F82D067E9A003F3D9F /* SearchUserPages.swift in Sources */ = {isa = PBXBuildFile; fileRef = B22E10F52D067E89003F3D9F /* SearchUserPages.swift */; };
		B25152C02D54252E000ACE71 /* CustomPopover.swift in Sources */ = {isa = PBXBuildFile; fileRef = B25152BE2D542522000ACE71 /* CustomPopover.swift */; };
		B254B0FF2D6A1FE100A0541F /* UserPermissions.swift in Sources */ = {isa = PBXBuildFile; fileRef = B254B0FC2D6A1FD500A0541F /* UserPermissions.swift */; };
		B25A0A542D91D9E300420892 /* LocalNotifications.swift in Sources */ = {isa = PBXBuildFile; fileRef = B25A0A492D91D9E300420892 /* LocalNotifications.swift */; };
		B25A0A952D94FE3300420892 /* WidgetKit.framework in Frameworks */ = {isa = PBXBuildFile; fileRef = B205A9582D73B62D00FFF047 /* WidgetKit.framework */; };
		B25A0A962D94FE3300420892 /* SwiftUI.framework in Frameworks */ = {isa = PBXBuildFile; fileRef = B2D220DD2BD981B800E55834 /* SwiftUI.framework */; };
		B25A0AA72D94FE3400420892 /* DynamicRepExtension.appex in Embed Foundation Extensions */ = {isa = PBXBuildFile; fileRef = B25A0A942D94FE3300420892 /* DynamicRepExtension.appex */; settings = {ATTRIBUTES = (RemoveHeadersOnCopy, ); }; };
		B25A0ABB2D9516C000420892 /* DynamicRepTest.swift in Sources */ = {isa = PBXBuildFile; fileRef = B25A0A472D91D9E300420892 /* DynamicRepTest.swift */; };
		B25A0ABF2D95177900420892 /* DynamicRepManager.swift in Sources */ = {isa = PBXBuildFile; fileRef = B25A0A462D91D9E300420892 /* DynamicRepManager.swift */; };
		B25A0AC12D9517BA00420892 /* DynamicRepLiveActivity.swift in Sources */ = {isa = PBXBuildFile; fileRef = B25A0A982D94FE3300420892 /* DynamicRepLiveActivity.swift */; };
		B25A0AC22D9517DB00420892 /* DynamicRepLiveActivity.swift in Sources */ = {isa = PBXBuildFile; fileRef = B25A0A982D94FE3300420892 /* DynamicRepLiveActivity.swift */; };
		B25FEADB2D18E18500BF4FC7 /* ImportUserPage.swift in Sources */ = {isa = PBXBuildFile; fileRef = B25FEAD82D18E17100BF4FC7 /* ImportUserPage.swift */; };
		B26842D12CC704DB00471001 /* MainMenu.swift in Sources */ = {isa = PBXBuildFile; fileRef = B26842CE2CC704DB00471001 /* MainMenu.swift */; };
		B26842D52CC9F5FD00471001 /* SettingsView.swift in Sources */ = {isa = PBXBuildFile; fileRef = B26842D22CC9F5FC00471001 /* SettingsView.swift */; };
		B26A46632CCFC4250064AF46 /* LaunchScreen.swift in Sources */ = {isa = PBXBuildFile; fileRef = B26A46622CCFC4250064AF46 /* LaunchScreen.swift */; };
		B26A46672CD04C210064AF46 /* SignOutView.swift in Sources */ = {isa = PBXBuildFile; fileRef = B26A46662CD04C210064AF46 /* SignOutView.swift */; };
		B26A46702CD077950064AF46 /* LightDarkView.swift in Sources */ = {isa = PBXBuildFile; fileRef = B26A466E2CD077950064AF46 /* LightDarkView.swift */; };
		B271C1902CD1CEC400710E70 /* NavPath.swift in Sources */ = {isa = PBXBuildFile; fileRef = B271C18F2CD1CEBB00710E70 /* NavPath.swift */; };
		B2A2519F2D6236BD00DC8BBA /* GetDeviceToken.swift in Sources */ = {isa = PBXBuildFile; fileRef = B2A2519C2D6236B600DC8BBA /* GetDeviceToken.swift */; };
		B2B837C72BCB102F00BBC748 /* MuscleMemoryApp.swift in Sources */ = {isa = PBXBuildFile; fileRef = B2B837C62BCB102F00BBC748 /* MuscleMemoryApp.swift */; };
		B2B837C92BCB102F00BBC748 /* ImportedNotes.swift in Sources */ = {isa = PBXBuildFile; fileRef = B2B837C82BCB102F00BBC748 /* ImportedNotes.swift */; };
		B2B837CB2BCB103000BBC748 /* Assets.xcassets in Resources */ = {isa = PBXBuildFile; fileRef = B2B837CA2BCB103000BBC748 /* Assets.xcassets */; };
		B2B837CE2BCB103000BBC748 /* Preview Assets.xcassets in Resources */ = {isa = PBXBuildFile; fileRef = B2B837CD2BCB103000BBC748 /* Preview Assets.xcassets */; };
		B2BB72602DAC1C9600EE857B /* MainMenuTab.swift in Sources */ = {isa = PBXBuildFile; fileRef = B2BB725F2DAC1C9600EE857B /* MainMenuTab.swift */; };
		B2FF4B972CCD5C3A00A26EC7 /* NotionImportPageView.swift in Sources */ = {isa = PBXBuildFile; fileRef = B2FF4B952CCD5C3A00A26EC7 /* NotionImportPageView.swift */; };
/* End PBXBuildFile section */

/* Begin PBXContainerItemProxy section */
		B25A0AA52D94FE3400420892 /* PBXContainerItemProxy */ = {
			isa = PBXContainerItemProxy;
			containerPortal = B2B837BB2BCB102F00BBC748 /* Project object */;
			proxyType = 1;
			remoteGlobalIDString = B25A0A932D94FE3300420892;
			remoteInfo = DynamicRepExtension;
		};
/* End PBXContainerItemProxy section */

/* Begin PBXCopyFilesBuildPhase section */
		B205A9702D73B62E00FFF047 /* Embed Foundation Extensions */ = {
			isa = PBXCopyFilesBuildPhase;
			buildActionMask = 2147483647;
			dstPath = "";
			dstSubfolderSpec = 13;
			files = (
				B25A0AA72D94FE3400420892 /* DynamicRepExtension.appex in Embed Foundation Extensions */,
			);
			name = "Embed Foundation Extensions";
			runOnlyForDeploymentPostprocessing = 0;
		};
/* End PBXCopyFilesBuildPhase section */

/* Begin PBXFileReference section */
		B205064F2D98A3CC0082FEA2 /* PersistantDB.swift */ = {isa = PBXFileReference; lastKnownFileType = sourcecode.swift; path = PersistantDB.swift; sourceTree = "<group>"; };
		B205A9582D73B62D00FFF047 /* WidgetKit.framework */ = {isa = PBXFileReference; lastKnownFileType = wrapper.framework; name = WidgetKit.framework; path = System/Library/Frameworks/WidgetKit.framework; sourceTree = SDKROOT; };
		B2177BAE2CBB3DA500DDF4E7 /* AuthView.swift */ = {isa = PBXFileReference; lastKnownFileType = sourcecode.swift; path = AuthView.swift; sourceTree = "<group>"; };
		B22E10ED2D04F71E003F3D9F /* AuthBackend.swift */ = {isa = PBXFileReference; lastKnownFileType = sourcecode.swift; path = AuthBackend.swift; sourceTree = "<group>"; };
		B22E10F12D04F7AF003F3D9F /* OAuthTokens.swift */ = {isa = PBXFileReference; lastKnownFileType = sourcecode.swift; path = OAuthTokens.swift; sourceTree = "<group>"; };
		B22E10F52D067E89003F3D9F /* SearchUserPages.swift */ = {isa = PBXFileReference; lastKnownFileType = sourcecode.swift; path = SearchUserPages.swift; sourceTree = "<group>"; };
		B248E14F2CE052DF005B9649 /* Info.plist */ = {isa = PBXFileReference; lastKnownFileType = text.plist.xml; path = Info.plist; sourceTree = "<group>"; };
		B25152BE2D542522000ACE71 /* CustomPopover.swift */ = {isa = PBXFileReference; lastKnownFileType = sourcecode.swift; path = CustomPopover.swift; sourceTree = "<group>"; };
		B254B0F72D6A1D2F00A0541F /* MuscleMemory.entitlements */ = {isa = PBXFileReference; lastKnownFileType = text.plist.entitlements; path = MuscleMemory.entitlements; sourceTree = "<group>"; };
		B254B0FC2D6A1FD500A0541F /* UserPermissions.swift */ = {isa = PBXFileReference; lastKnownFileType = sourcecode.swift; path = UserPermissions.swift; sourceTree = "<group>"; };
		B25A0A462D91D9E300420892 /* DynamicRepManager.swift */ = {isa = PBXFileReference; lastKnownFileType = sourcecode.swift; path = DynamicRepManager.swift; sourceTree = "<group>"; };
		B25A0A472D91D9E300420892 /* DynamicRepTest.swift */ = {isa = PBXFileReference; lastKnownFileType = sourcecode.swift; path = DynamicRepTest.swift; sourceTree = "<group>"; };
		B25A0A492D91D9E300420892 /* LocalNotifications.swift */ = {isa = PBXFileReference; lastKnownFileType = sourcecode.swift; path = LocalNotifications.swift; sourceTree = "<group>"; };
		B25A0A942D94FE3300420892 /* DynamicRepExtension.appex */ = {isa = PBXFileReference; explicitFileType = "wrapper.app-extension"; includeInIndex = 0; path = DynamicRepExtension.appex; sourceTree = BUILT_PRODUCTS_DIR; };
		B25A0A982D94FE3300420892 /* DynamicRepLiveActivity.swift */ = {isa = PBXFileReference; lastKnownFileType = sourcecode.swift; path = DynamicRepLiveActivity.swift; sourceTree = "<group>"; };
		B25FEAD82D18E17100BF4FC7 /* ImportUserPage.swift */ = {isa = PBXFileReference; lastKnownFileType = sourcecode.swift; path = ImportUserPage.swift; sourceTree = "<group>"; };
		B26842CE2CC704DB00471001 /* MainMenu.swift */ = {isa = PBXFileReference; lastKnownFileType = sourcecode.swift; path = MainMenu.swift; sourceTree = "<group>"; };
		B26842D22CC9F5FC00471001 /* SettingsView.swift */ = {isa = PBXFileReference; lastKnownFileType = sourcecode.swift; path = SettingsView.swift; sourceTree = "<group>"; };
		B26A46622CCFC4250064AF46 /* LaunchScreen.swift */ = {isa = PBXFileReference; lastKnownFileType = sourcecode.swift; path = LaunchScreen.swift; sourceTree = "<group>"; };
		B26A46662CD04C210064AF46 /* SignOutView.swift */ = {isa = PBXFileReference; lastKnownFileType = sourcecode.swift; path = SignOutView.swift; sourceTree = "<group>"; };
		B26A466E2CD077950064AF46 /* LightDarkView.swift */ = {isa = PBXFileReference; lastKnownFileType = sourcecode.swift; path = LightDarkView.swift; sourceTree = "<group>"; };
		B271C18F2CD1CEBB00710E70 /* NavPath.swift */ = {isa = PBXFileReference; lastKnownFileType = sourcecode.swift; path = NavPath.swift; sourceTree = "<group>"; };
		B2A2519C2D6236B600DC8BBA /* GetDeviceToken.swift */ = {isa = PBXFileReference; lastKnownFileType = sourcecode.swift; path = GetDeviceToken.swift; sourceTree = "<group>"; };
		B2B837C32BCB102F00BBC748 /* MuscleMemory.app */ = {isa = PBXFileReference; explicitFileType = wrapper.application; includeInIndex = 0; path = MuscleMemory.app; sourceTree = BUILT_PRODUCTS_DIR; };
		B2B837C62BCB102F00BBC748 /* MuscleMemoryApp.swift */ = {isa = PBXFileReference; lastKnownFileType = sourcecode.swift; path = MuscleMemoryApp.swift; sourceTree = "<group>"; };
		B2B837C82BCB102F00BBC748 /* ImportedNotes.swift */ = {isa = PBXFileReference; lastKnownFileType = sourcecode.swift; path = ImportedNotes.swift; sourceTree = "<group>"; };
		B2B837CA2BCB103000BBC748 /* Assets.xcassets */ = {isa = PBXFileReference; lastKnownFileType = folder.assetcatalog; path = Assets.xcassets; sourceTree = "<group>"; };
		B2B837CD2BCB103000BBC748 /* Preview Assets.xcassets */ = {isa = PBXFileReference; lastKnownFileType = folder.assetcatalog; path = "Preview Assets.xcassets"; sourceTree = "<group>"; };
		B2BB725F2DAC1C9600EE857B /* MainMenuTab.swift */ = {isa = PBXFileReference; lastKnownFileType = sourcecode.swift; path = MainMenuTab.swift; sourceTree = "<group>"; };
		B2D220DD2BD981B800E55834 /* SwiftUI.framework */ = {isa = PBXFileReference; lastKnownFileType = wrapper.framework; name = SwiftUI.framework; path = System/Library/Frameworks/SwiftUI.framework; sourceTree = SDKROOT; };
		B2FF4B952CCD5C3A00A26EC7 /* NotionImportPageView.swift */ = {isa = PBXFileReference; lastKnownFileType = sourcecode.swift; path = NotionImportPageView.swift; sourceTree = "<group>"; };
/* End PBXFileReference section */

/* Begin PBXFileSystemSynchronizedBuildFileExceptionSet section */
		B25A0AA82D94FE3400420892 /* PBXFileSystemSynchronizedBuildFileExceptionSet */ = {
			isa = PBXFileSystemSynchronizedBuildFileExceptionSet;
			membershipExceptions = (
				Info.plist,
			);
			target = B25A0A932D94FE3300420892 /* DynamicRepExtension */;
		};
/* End PBXFileSystemSynchronizedBuildFileExceptionSet section */

/* Begin PBXFileSystemSynchronizedRootGroup section */
		B25A0A972D94FE3300420892 /* DynamicRep */ = {isa = PBXFileSystemSynchronizedRootGroup; exceptions = (B25A0AA82D94FE3400420892 /* PBXFileSystemSynchronizedBuildFileExceptionSet */, ); explicitFileTypes = {}; explicitFolders = (); path = DynamicRep; sourceTree = "<group>"; };
/* End PBXFileSystemSynchronizedRootGroup section */

/* Begin PBXFrameworksBuildPhase section */
		B25A0A912D94FE3300420892 /* Frameworks */ = {
			isa = PBXFrameworksBuildPhase;
			buildActionMask = 2147483647;
			files = (
				B25A0A962D94FE3300420892 /* SwiftUI.framework in Frameworks */,
				B25A0A952D94FE3300420892 /* WidgetKit.framework in Frameworks */,
			);
			runOnlyForDeploymentPostprocessing = 0;
		};
		B2B837C02BCB102F00BBC748 /* Frameworks */ = {
			isa = PBXFrameworksBuildPhase;
			buildActionMask = 2147483647;
			files = (
			);
			runOnlyForDeploymentPostprocessing = 0;
		};
/* End PBXFrameworksBuildPhase section */

/* Begin PBXGroup section */
		B2B837BA2BCB102F00BBC748 = {
			isa = PBXGroup;
			children = (
				B2B837C52BCB102F00BBC748 /* MuscleMemory */,
				B25A0A972D94FE3300420892 /* DynamicRep */,
				B2D220DA2BD981B800E55834 /* Frameworks */,
				B2B837C42BCB102F00BBC748 /* Products */,
			);
			sourceTree = "<group>";
		};
		B2B837C42BCB102F00BBC748 /* Products */ = {
			isa = PBXGroup;
			children = (
				B2B837C32BCB102F00BBC748 /* MuscleMemory.app */,
				B25A0A942D94FE3300420892 /* DynamicRepExtension.appex */,
			);
			name = Products;
			sourceTree = "<group>";
		};
		B2B837C52BCB102F00BBC748 /* MuscleMemory */ = {
			isa = PBXGroup;
			children = (
				B205064F2D98A3CC0082FEA2 /* PersistantDB.swift */,
				B254B0FC2D6A1FD500A0541F /* UserPermissions.swift */,
				B2A2519C2D6236B600DC8BBA /* GetDeviceToken.swift */,
				B22E10F52D067E89003F3D9F /* SearchUserPages.swift */,
				B25FEAD82D18E17100BF4FC7 /* ImportUserPage.swift */,
				B22E10ED2D04F71E003F3D9F /* AuthBackend.swift */,
				B26842D22CC9F5FC00471001 /* SettingsView.swift */,
				B271C18F2CD1CEBB00710E70 /* NavPath.swift */,
				B26A466E2CD077950064AF46 /* LightDarkView.swift */,
				B2177BAE2CBB3DA500DDF4E7 /* AuthView.swift */,
				B2B837C82BCB102F00BBC748 /* ImportedNotes.swift */,
				B26842CE2CC704DB00471001 /* MainMenu.swift */,
				B2BB725F2DAC1C9600EE857B /* MainMenuTab.swift */,
				B25152BE2D542522000ACE71 /* CustomPopover.swift */,
				B2B837C62BCB102F00BBC748 /* MuscleMemoryApp.swift */,
				B2FF4B952CCD5C3A00A26EC7 /* NotionImportPageView.swift */,
				B22E10F12D04F7AF003F3D9F /* OAuthTokens.swift */,
				B26A46662CD04C210064AF46 /* SignOutView.swift */,
				B26A46622CCFC4250064AF46 /* LaunchScreen.swift */,
				B25A0A492D91D9E300420892 /* LocalNotifications.swift */,
				B25A0A472D91D9E300420892 /* DynamicRepTest.swift */,
				B25A0A462D91D9E300420892 /* DynamicRepManager.swift */,
				B25A0A982D94FE3300420892 /* DynamicRepLiveActivity.swift */,
				B254B0F72D6A1D2F00A0541F /* MuscleMemory.entitlements */,
				B248E14F2CE052DF005B9649 /* Info.plist */,
				B2B837CA2BCB103000BBC748 /* Assets.xcassets */,
				B2B837CC2BCB103000BBC748 /* Preview Content */,
			);
			path = MuscleMemory;
			sourceTree = "<group>";
		};
		B2B837CC2BCB103000BBC748 /* Preview Content */ = {
			isa = PBXGroup;
			children = (
				B2B837CD2BCB103000BBC748 /* Preview Assets.xcassets */,
			);
			path = "Preview Content";
			sourceTree = "<group>";
		};
		B2D220DA2BD981B800E55834 /* Frameworks */ = {
			isa = PBXGroup;
			children = (
				B2D220DD2BD981B800E55834 /* SwiftUI.framework */,
				B205A9582D73B62D00FFF047 /* WidgetKit.framework */,
			);
			name = Frameworks;
			sourceTree = "<group>";
		};
/* End PBXGroup section */

/* Begin PBXNativeTarget section */
		B25A0A932D94FE3300420892 /* DynamicRepExtension */ = {
			isa = PBXNativeTarget;
			buildConfigurationList = B25A0AA92D94FE3400420892 /* Build configuration list for PBXNativeTarget "DynamicRepExtension" */;
			buildPhases = (
				B25A0A902D94FE3300420892 /* Sources */,
				B25A0A912D94FE3300420892 /* Frameworks */,
				B25A0A922D94FE3300420892 /* Resources */,
			);
			buildRules = (
			);
			dependencies = (
			);
			fileSystemSynchronizedGroups = (
				B25A0A972D94FE3300420892 /* DynamicRep */,
			);
			name = DynamicRepExtension;
			packageProductDependencies = (
			);
			productName = DynamicRepExtension;
			productReference = B25A0A942D94FE3300420892 /* DynamicRepExtension.appex */;
			productType = "com.apple.product-type.app-extension";
		};
		B2B837C22BCB102F00BBC748 /* MuscleMemory */ = {
			isa = PBXNativeTarget;
			buildConfigurationList = B2B837E72BCB103000BBC748 /* Build configuration list for PBXNativeTarget "MuscleMemory" */;
			buildPhases = (
				B2B837BF2BCB102F00BBC748 /* Sources */,
				B2B837C02BCB102F00BBC748 /* Frameworks */,
				B2B837C12BCB102F00BBC748 /* Resources */,
				B205A9702D73B62E00FFF047 /* Embed Foundation Extensions */,
			);
			buildRules = (
			);
			dependencies = (
				B25A0AA62D94FE3400420892 /* PBXTargetDependency */,
			);
			name = MuscleMemory;
			productName = MuscleMemory;
			productReference = B2B837C32BCB102F00BBC748 /* MuscleMemory.app */;
			productType = "com.apple.product-type.application";
		};
/* End PBXNativeTarget section */

/* Begin PBXProject section */
		B2B837BB2BCB102F00BBC748 /* Project object */ = {
			isa = PBXProject;
			attributes = {
				BuildIndependentTargetsInParallel = 1;
				LastSwiftUpdateCheck = 1620;
				LastUpgradeCheck = 1600;
				TargetAttributes = {
					B25A0A932D94FE3300420892 = {
						CreatedOnToolsVersion = 16.2;
					};
					B2B837C22BCB102F00BBC748 = {
						CreatedOnToolsVersion = 15.3;
					};
				};
			};
			buildConfigurationList = B2B837BE2BCB102F00BBC748 /* Build configuration list for PBXProject "MuscleMemory" */;
			compatibilityVersion = "Xcode 14.0";
			developmentRegion = en;
			hasScannedForEncodings = 0;
			knownRegions = (
				en,
				Base,
			);
			mainGroup = B2B837BA2BCB102F00BBC748;
			productRefGroup = B2B837C42BCB102F00BBC748 /* Products */;
			projectDirPath = "";
			projectRoot = "";
			targets = (
				B2B837C22BCB102F00BBC748 /* MuscleMemory */,
				B25A0A932D94FE3300420892 /* DynamicRepExtension */,
			);
		};
/* End PBXProject section */

/* Begin PBXResourcesBuildPhase section */
		B25A0A922D94FE3300420892 /* Resources */ = {
			isa = PBXResourcesBuildPhase;
			buildActionMask = 2147483647;
			files = (
			);
			runOnlyForDeploymentPostprocessing = 0;
		};
		B2B837C12BCB102F00BBC748 /* Resources */ = {
			isa = PBXResourcesBuildPhase;
			buildActionMask = 2147483647;
			files = (
				B2B837CE2BCB103000BBC748 /* Preview Assets.xcassets in Resources */,
				B2B837CB2BCB103000BBC748 /* Assets.xcassets in Resources */,
			);
			runOnlyForDeploymentPostprocessing = 0;
		};
/* End PBXResourcesBuildPhase section */

/* Begin PBXSourcesBuildPhase section */
		B25A0A902D94FE3300420892 /* Sources */ = {
			isa = PBXSourcesBuildPhase;
			buildActionMask = 2147483647;
			files = (
				B25A0AC22D9517DB00420892 /* DynamicRepLiveActivity.swift in Sources */,
			);
			runOnlyForDeploymentPostprocessing = 0;
		};
		B2B837BF2BCB102F00BBC748 /* Sources */ = {
			isa = PBXSourcesBuildPhase;
			buildActionMask = 2147483647;
			files = (
				B26842D52CC9F5FD00471001 /* SettingsView.swift in Sources */,
				B26A46632CCFC4250064AF46 /* LaunchScreen.swift in Sources */,
				B2A2519F2D6236BD00DC8BBA /* GetDeviceToken.swift in Sources */,
				B26842D12CC704DB00471001 /* MainMenu.swift in Sources */,
				B22E10F02D04F723003F3D9F /* AuthBackend.swift in Sources */,
				B25152C02D54252E000ACE71 /* CustomPopover.swift in Sources */,
				B20506502D98A3E50082FEA2 /* PersistantDB.swift in Sources */,
				B25FEADB2D18E18500BF4FC7 /* ImportUserPage.swift in Sources */,
				B271C1902CD1CEC400710E70 /* NavPath.swift in Sources */,
				B26A46672CD04C210064AF46 /* SignOutView.swift in Sources */,
				B2BB72602DAC1C9600EE857B /* MainMenuTab.swift in Sources */,
				B25A0ABF2D95177900420892 /* DynamicRepManager.swift in Sources */,
				B254B0FF2D6A1FE100A0541F /* UserPermissions.swift in Sources */,
				B26A46702CD077950064AF46 /* LightDarkView.swift in Sources */,
				B2B837C92BCB102F00BBC748 /* ImportedNotes.swift in Sources */,
				B25A0A542D91D9E300420892 /* LocalNotifications.swift in Sources */,
				B2B837C72BCB102F00BBC748 /* MuscleMemoryApp.swift in Sources */,
				B25A0AC12D9517BA00420892 /* DynamicRepLiveActivity.swift in Sources */,
				B2FF4B972CCD5C3A00A26EC7 /* NotionImportPageView.swift in Sources */,
				B2177BB12CBB3DA500DDF4E7 /* AuthView.swift in Sources */,
				B22E10F22D04F7C0003F3D9F /* OAuthTokens.swift in Sources */,
				B22E10F82D067E9A003F3D9F /* SearchUserPages.swift in Sources */,
				B25A0ABB2D9516C000420892 /* DynamicRepTest.swift in Sources */,
			);
			runOnlyForDeploymentPostprocessing = 0;
		};
/* End PBXSourcesBuildPhase section */

/* Begin PBXTargetDependency section */
		B25A0AA62D94FE3400420892 /* PBXTargetDependency */ = {
			isa = PBXTargetDependency;
			target = B25A0A932D94FE3300420892 /* DynamicRepExtension */;
			targetProxy = B25A0AA52D94FE3400420892 /* PBXContainerItemProxy */;
		};
/* End PBXTargetDependency section */

/* Begin XCBuildConfiguration section */
		B25A0AAA2D94FE3400420892 /* Debug */ = {
			isa = XCBuildConfiguration;
			buildSettings = {
				ASSETCATALOG_COMPILER_GLOBAL_ACCENT_COLOR_NAME = AccentColor;
				ASSETCATALOG_COMPILER_WIDGET_BACKGROUND_COLOR_NAME = WidgetBackground;
				CODE_SIGN_STYLE = Automatic;
				CURRENT_PROJECT_VERSION = 1;
				DEVELOPMENT_TEAM = L96XRPBK46;
				GENERATE_INFOPLIST_FILE = YES;
				INFOPLIST_FILE = DynamicRep/Info.plist;
				INFOPLIST_KEY_CFBundleDisplayName = DynamicRep;
				INFOPLIST_KEY_NSHumanReadableCopyright = "";
				IPHONEOS_DEPLOYMENT_TARGET = 18.2;
				LD_RUNPATH_SEARCH_PATHS = (
					"$(inherited)",
					"@executable_path/Frameworks",
					"@executable_path/../../Frameworks",
				);
				MARKETING_VERSION = 1.0;
				PRODUCT_BUNDLE_IDENTIFIER = MuscleMemory.KimchiLabs.com.DynamicRep;
				PRODUCT_NAME = "$(TARGET_NAME)";
				SKIP_INSTALL = YES;
				SWIFT_EMIT_LOC_STRINGS = YES;
				SWIFT_VERSION = 5.0;
				TARGETED_DEVICE_FAMILY = "1,2";
			};
			name = Debug;
		};
		B25A0AAB2D94FE3400420892 /* Release */ = {
			isa = XCBuildConfiguration;
			buildSettings = {
				ASSETCATALOG_COMPILER_GLOBAL_ACCENT_COLOR_NAME = AccentColor;
				ASSETCATALOG_COMPILER_WIDGET_BACKGROUND_COLOR_NAME = WidgetBackground;
				CODE_SIGN_STYLE = Automatic;
				CURRENT_PROJECT_VERSION = 1;
				DEVELOPMENT_TEAM = L96XRPBK46;
				GENERATE_INFOPLIST_FILE = YES;
				INFOPLIST_FILE = DynamicRep/Info.plist;
				INFOPLIST_KEY_CFBundleDisplayName = DynamicRep;
				INFOPLIST_KEY_NSHumanReadableCopyright = "";
				IPHONEOS_DEPLOYMENT_TARGET = 18.2;
				LD_RUNPATH_SEARCH_PATHS = (
					"$(inherited)",
					"@executable_path/Frameworks",
					"@executable_path/../../Frameworks",
				);
				MARKETING_VERSION = 1.0;
				PRODUCT_BUNDLE_IDENTIFIER = MuscleMemory.KimchiLabs.com.DynamicRep;
				PRODUCT_NAME = "$(TARGET_NAME)";
				SKIP_INSTALL = YES;
				SWIFT_EMIT_LOC_STRINGS = YES;
				SWIFT_VERSION = 5.0;
				TARGETED_DEVICE_FAMILY = "1,2";
			};
			name = Release;
		};
		B2B837E52BCB103000BBC748 /* Debug */ = {
			isa = XCBuildConfiguration;
			buildSettings = {
				ALWAYS_SEARCH_USER_PATHS = NO;
				ASSETCATALOG_COMPILER_GENERATE_SWIFT_ASSET_SYMBOL_EXTENSIONS = YES;
				CLANG_ANALYZER_NONNULL = YES;
				CLANG_ANALYZER_NUMBER_OBJECT_CONVERSION = YES_AGGRESSIVE;
				CLANG_CXX_LANGUAGE_STANDARD = "gnu++20";
				CLANG_ENABLE_MODULES = YES;
				CLANG_ENABLE_OBJC_ARC = YES;
				CLANG_ENABLE_OBJC_WEAK = YES;
				CLANG_WARN_BLOCK_CAPTURE_AUTORELEASING = YES;
				CLANG_WARN_BOOL_CONVERSION = YES;
				CLANG_WARN_COMMA = YES;
				CLANG_WARN_CONSTANT_CONVERSION = YES;
				CLANG_WARN_DEPRECATED_OBJC_IMPLEMENTATIONS = YES;
				CLANG_WARN_DIRECT_OBJC_ISA_USAGE = YES_ERROR;
				CLANG_WARN_DOCUMENTATION_COMMENTS = YES;
				CLANG_WARN_EMPTY_BODY = YES;
				CLANG_WARN_ENUM_CONVERSION = YES;
				CLANG_WARN_INFINITE_RECURSION = YES;
				CLANG_WARN_INT_CONVERSION = YES;
				CLANG_WARN_NON_LITERAL_NULL_CONVERSION = YES;
				CLANG_WARN_OBJC_IMPLICIT_RETAIN_SELF = YES;
				CLANG_WARN_OBJC_LITERAL_CONVERSION = YES;
				CLANG_WARN_OBJC_ROOT_CLASS = YES_ERROR;
				CLANG_WARN_QUOTED_INCLUDE_IN_FRAMEWORK_HEADER = YES;
				CLANG_WARN_RANGE_LOOP_ANALYSIS = YES;
				CLANG_WARN_STRICT_PROTOTYPES = YES;
				CLANG_WARN_SUSPICIOUS_MOVE = YES;
				CLANG_WARN_UNGUARDED_AVAILABILITY = YES_AGGRESSIVE;
				CLANG_WARN_UNREACHABLE_CODE = YES;
				CLANG_WARN__DUPLICATE_METHOD_MATCH = YES;
				COPY_PHASE_STRIP = NO;
				DEBUG_INFORMATION_FORMAT = dwarf;
				ENABLE_STRICT_OBJC_MSGSEND = YES;
				ENABLE_TESTABILITY = YES;
				ENABLE_USER_SCRIPT_SANDBOXING = YES;
				GCC_C_LANGUAGE_STANDARD = gnu17;
				GCC_DYNAMIC_NO_PIC = NO;
				GCC_NO_COMMON_BLOCKS = YES;
				GCC_OPTIMIZATION_LEVEL = 0;
				GCC_PREPROCESSOR_DEFINITIONS = (
					"DEBUG=1",
					"$(inherited)",
				);
				GCC_WARN_64_TO_32_BIT_CONVERSION = YES;
				GCC_WARN_ABOUT_RETURN_TYPE = YES_ERROR;
				GCC_WARN_UNDECLARED_SELECTOR = YES;
				GCC_WARN_UNINITIALIZED_AUTOS = YES_AGGRESSIVE;
				GCC_WARN_UNUSED_FUNCTION = YES;
				GCC_WARN_UNUSED_VARIABLE = YES;
				"INFOPLIST_FILE[sdk=*]" = "";
				IPHONEOS_DEPLOYMENT_TARGET = 17.4;
				LOCALIZATION_PREFERS_STRING_CATALOGS = YES;
				MTL_ENABLE_DEBUG_INFO = INCLUDE_SOURCE;
				MTL_FAST_MATH = YES;
				ONLY_ACTIVE_ARCH = YES;
				SDKROOT = iphoneos;
				SWIFT_ACTIVE_COMPILATION_CONDITIONS = "DEBUG $(inherited)";
				SWIFT_OPTIMIZATION_LEVEL = "-Onone";
			};
			name = Debug;
		};
		B2B837E62BCB103000BBC748 /* Release */ = {
			isa = XCBuildConfiguration;
			buildSettings = {
				ALWAYS_SEARCH_USER_PATHS = NO;
				ASSETCATALOG_COMPILER_GENERATE_SWIFT_ASSET_SYMBOL_EXTENSIONS = YES;
				CLANG_ANALYZER_NONNULL = YES;
				CLANG_ANALYZER_NUMBER_OBJECT_CONVERSION = YES_AGGRESSIVE;
				CLANG_CXX_LANGUAGE_STANDARD = "gnu++20";
				CLANG_ENABLE_MODULES = YES;
				CLANG_ENABLE_OBJC_ARC = YES;
				CLANG_ENABLE_OBJC_WEAK = YES;
				CLANG_WARN_BLOCK_CAPTURE_AUTORELEASING = YES;
				CLANG_WARN_BOOL_CONVERSION = YES;
				CLANG_WARN_COMMA = YES;
				CLANG_WARN_CONSTANT_CONVERSION = YES;
				CLANG_WARN_DEPRECATED_OBJC_IMPLEMENTATIONS = YES;
				CLANG_WARN_DIRECT_OBJC_ISA_USAGE = YES_ERROR;
				CLANG_WARN_DOCUMENTATION_COMMENTS = YES;
				CLANG_WARN_EMPTY_BODY = YES;
				CLANG_WARN_ENUM_CONVERSION = YES;
				CLANG_WARN_INFINITE_RECURSION = YES;
				CLANG_WARN_INT_CONVERSION = YES;
				CLANG_WARN_NON_LITERAL_NULL_CONVERSION = YES;
				CLANG_WARN_OBJC_IMPLICIT_RETAIN_SELF = YES;
				CLANG_WARN_OBJC_LITERAL_CONVERSION = YES;
				CLANG_WARN_OBJC_ROOT_CLASS = YES_ERROR;
				CLANG_WARN_QUOTED_INCLUDE_IN_FRAMEWORK_HEADER = YES;
				CLANG_WARN_RANGE_LOOP_ANALYSIS = YES;
				CLANG_WARN_STRICT_PROTOTYPES = YES;
				CLANG_WARN_SUSPICIOUS_MOVE = YES;
				CLANG_WARN_UNGUARDED_AVAILABILITY = YES_AGGRESSIVE;
				CLANG_WARN_UNREACHABLE_CODE = YES;
				CLANG_WARN__DUPLICATE_METHOD_MATCH = YES;
				COPY_PHASE_STRIP = NO;
				DEBUG_INFORMATION_FORMAT = "dwarf-with-dsym";
				ENABLE_NS_ASSERTIONS = NO;
				ENABLE_STRICT_OBJC_MSGSEND = YES;
				ENABLE_USER_SCRIPT_SANDBOXING = YES;
				GCC_C_LANGUAGE_STANDARD = gnu17;
				GCC_NO_COMMON_BLOCKS = YES;
				GCC_WARN_64_TO_32_BIT_CONVERSION = YES;
				GCC_WARN_ABOUT_RETURN_TYPE = YES_ERROR;
				GCC_WARN_UNDECLARED_SELECTOR = YES;
				GCC_WARN_UNINITIALIZED_AUTOS = YES_AGGRESSIVE;
				GCC_WARN_UNUSED_FUNCTION = YES;
				GCC_WARN_UNUSED_VARIABLE = YES;
				IPHONEOS_DEPLOYMENT_TARGET = 17.4;
				LOCALIZATION_PREFERS_STRING_CATALOGS = YES;
				MTL_ENABLE_DEBUG_INFO = NO;
				MTL_FAST_MATH = YES;
				SDKROOT = iphoneos;
				"SWIFT_ACTIVE_COMPILATION_CONDITIONS[arch=*]" = "-D DEBUG_PREVIEW_START";
				SWIFT_COMPILATION_MODE = wholemodule;
				VALIDATE_PRODUCT = YES;
			};
			name = Release;
		};
		B2B837E82BCB103000BBC748 /* Debug */ = {
			isa = XCBuildConfiguration;
			buildSettings = {
				ASSETCATALOG_COMPILER_APPICON_NAME = AppIcon;
				ASSETCATALOG_COMPILER_GLOBAL_ACCENT_COLOR_NAME = AccentColor;
				CODE_SIGN_ENTITLEMENTS = MuscleMemory/MuscleMemory.entitlements;
				CODE_SIGN_STYLE = Automatic;
				CURRENT_PROJECT_VERSION = 1;
				DEVELOPMENT_ASSET_PATHS = "\"MuscleMemory/Preview Content\"";
				DEVELOPMENT_TEAM = L96XRPBK46;
				ENABLE_PREVIEWS = YES;
				GENERATE_INFOPLIST_FILE = YES;
				INFOPLIST_FILE = MuscleMemory/Info.plist;
				INFOPLIST_KEY_CFBundleDisplayName = "";
				INFOPLIST_KEY_LSApplicationCategoryType = "public.app-category.education";
				INFOPLIST_KEY_NSSupportsLiveActivities = YES;
				INFOPLIST_KEY_UIApplicationSceneManifest_Generation = YES;
				INFOPLIST_KEY_UIApplicationSupportsIndirectInputEvents = YES;
				INFOPLIST_KEY_UILaunchScreen_Generation = YES;
				INFOPLIST_KEY_UISupportedInterfaceOrientations = UIInterfaceOrientationPortrait;
				INFOPLIST_KEY_UISupportedInterfaceOrientations_iPad = "UIInterfaceOrientationLandscapeLeft UIInterfaceOrientationLandscapeRight UIInterfaceOrientationPortrait UIInterfaceOrientationPortraitUpsideDown";
				IPHONEOS_DEPLOYMENT_TARGET = 18.0;
				LD_RUNPATH_SEARCH_PATHS = (
					"$(inherited)",
					"@executable_path/Frameworks",
				);
				MARKETING_VERSION = 1.0;
				PRODUCT_BUNDLE_IDENTIFIER = MuscleMemory.KimchiLabs.com;
				PRODUCT_NAME = "$(TARGET_NAME)";
				SWIFT_EMIT_LOC_STRINGS = YES;
				SWIFT_VERSION = 5.0;
				TARGETED_DEVICE_FAMILY = "1,2";
			};
			name = Debug;
		};
		B2B837E92BCB103000BBC748 /* Release */ = {
			isa = XCBuildConfiguration;
			buildSettings = {
				ASSETCATALOG_COMPILER_APPICON_NAME = AppIcon;
				ASSETCATALOG_COMPILER_GLOBAL_ACCENT_COLOR_NAME = AccentColor;
				CODE_SIGN_ENTITLEMENTS = MuscleMemory/MuscleMemory.entitlements;
				CODE_SIGN_STYLE = Automatic;
				CURRENT_PROJECT_VERSION = 1;
				DEVELOPMENT_ASSET_PATHS = "\"MuscleMemory/Preview Content\"";
				DEVELOPMENT_TEAM = L96XRPBK46;
				ENABLE_PREVIEWS = YES;
				GENERATE_INFOPLIST_FILE = YES;
				INFOPLIST_FILE = MuscleMemory/Info.plist;
				INFOPLIST_KEY_CFBundleDisplayName = "";
				INFOPLIST_KEY_LSApplicationCategoryType = "public.app-category.education";
				INFOPLIST_KEY_NSSupportsLiveActivities = YES;
				INFOPLIST_KEY_UIApplicationSceneManifest_Generation = YES;
				INFOPLIST_KEY_UIApplicationSupportsIndirectInputEvents = YES;
				INFOPLIST_KEY_UILaunchScreen_Generation = YES;
				INFOPLIST_KEY_UISupportedInterfaceOrientations = UIInterfaceOrientationPortrait;
				INFOPLIST_KEY_UISupportedInterfaceOrientations_iPad = "UIInterfaceOrientationLandscapeLeft UIInterfaceOrientationLandscapeRight UIInterfaceOrientationPortrait UIInterfaceOrientationPortraitUpsideDown";
				IPHONEOS_DEPLOYMENT_TARGET = 18.0;
				LD_RUNPATH_SEARCH_PATHS = (
					"$(inherited)",
					"@executable_path/Frameworks",
				);
				MARKETING_VERSION = 1.0;
				PRODUCT_BUNDLE_IDENTIFIER = MuscleMemory.KimchiLabs.com;
				PRODUCT_NAME = "$(TARGET_NAME)";
				SWIFT_EMIT_LOC_STRINGS = YES;
				SWIFT_VERSION = 5.0;
				TARGETED_DEVICE_FAMILY = "1,2";
			};
			name = Release;
		};
/* End XCBuildConfiguration section */

/* Begin XCConfigurationList section */
		B25A0AA92D94FE3400420892 /* Build configuration list for PBXNativeTarget "DynamicRepExtension" */ = {
			isa = XCConfigurationList;
			buildConfigurations = (
				B25A0AAA2D94FE3400420892 /* Debug */,
				B25A0AAB2D94FE3400420892 /* Release */,
			);
			defaultConfigurationIsVisible = 0;
			defaultConfigurationName = Release;
		};
		B2B837BE2BCB102F00BBC748 /* Build configuration list for PBXProject "MuscleMemory" */ = {
			isa = XCConfigurationList;
			buildConfigurations = (
				B2B837E52BCB103000BBC748 /* Debug */,
				B2B837E62BCB103000BBC748 /* Release */,
			);
			defaultConfigurationIsVisible = 0;
			defaultConfigurationName = Release;
		};
		B2B837E72BCB103000BBC748 /* Build configuration list for PBXNativeTarget "MuscleMemory" */ = {
			isa = XCConfigurationList;
			buildConfigurations = (
				B2B837E82BCB103000BBC748 /* Debug */,
				B2B837E92BCB103000BBC748 /* Release */,
			);
			defaultConfigurationIsVisible = 0;
			defaultConfigurationName = Release;
		};
/* End XCConfigurationList section */
	};
	rootObject = B2B837BB2BCB102F00BBC748 /* Project object */;
}
