// !$*UTF8*$!
{
	archiveVersion = 1;
	classes = {
	};
	objectVersion = 56;
	objects = {

/* Begin PBXBuildFile section */
		5D1B7FA52C6CD75F00B474B0 /* NotionCall.swift in Sources */ = {isa = PBXBuildFile; fileRef = 5D1B7FA42C6CD75F00B474B0 /* NotionCall.swift */; };
		5D1B7FA62C6CD75F00B474B0 /* NotionCall.swift in Sources */ = {isa = PBXBuildFile; fileRef = 5D1B7FA42C6CD75F00B474B0 /* NotionCall.swift */; };
		5D1B7FA72C6CD75F00B474B0 /* NotionCall.swift in Sources */ = {isa = PBXBuildFile; fileRef = 5D1B7FA42C6CD75F00B474B0 /* NotionCall.swift */; };
		B2177BAF2CBB3DA500DDF4E7 /* AuthView.swift in Sources */ = {isa = PBXBuildFile; fileRef = B2177BAE2CBB3DA500DDF4E7 /* AuthView.swift */; };
		B2177BB02CBB3DA500DDF4E7 /* AuthView.swift in Sources */ = {isa = PBXBuildFile; fileRef = B2177BAE2CBB3DA500DDF4E7 /* AuthView.swift */; };
		B2177BB12CBB3DA500DDF4E7 /* AuthView.swift in Sources */ = {isa = PBXBuildFile; fileRef = B2177BAE2CBB3DA500DDF4E7 /* AuthView.swift */; };
		B2177BB32CBC13C700DDF4E7 /* AuthBackend.swift in Sources */ = {isa = PBXBuildFile; fileRef = B2177BB22CBC13B500DDF4E7 /* AuthBackend.swift */; };
		B2177BB42CBC13C700DDF4E7 /* AuthBackend.swift in Sources */ = {isa = PBXBuildFile; fileRef = B2177BB22CBC13B500DDF4E7 /* AuthBackend.swift */; };
		B2177BB52CBC13C700DDF4E7 /* AuthBackend.swift in Sources */ = {isa = PBXBuildFile; fileRef = B2177BB22CBC13B500DDF4E7 /* AuthBackend.swift */; };
		B26842CF2CC704DB00471001 /* MainMenu.swift in Sources */ = {isa = PBXBuildFile; fileRef = B26842CE2CC704DB00471001 /* MainMenu.swift */; };
		B26842D02CC704DB00471001 /* MainMenu.swift in Sources */ = {isa = PBXBuildFile; fileRef = B26842CE2CC704DB00471001 /* MainMenu.swift */; };
		B26842D12CC704DB00471001 /* MainMenu.swift in Sources */ = {isa = PBXBuildFile; fileRef = B26842CE2CC704DB00471001 /* MainMenu.swift */; };
		B26842D32CC9F5FC00471001 /* SettingsView.swift in Sources */ = {isa = PBXBuildFile; fileRef = B26842D22CC9F5FC00471001 /* SettingsView.swift */; };
		B26842D42CC9F5FC00471001 /* SettingsView.swift in Sources */ = {isa = PBXBuildFile; fileRef = B26842D22CC9F5FC00471001 /* SettingsView.swift */; };
		B26842D52CC9F5FD00471001 /* SettingsView.swift in Sources */ = {isa = PBXBuildFile; fileRef = B26842D22CC9F5FC00471001 /* SettingsView.swift */; };
		B26A46632CCFC4250064AF46 /* LaunchScreen.swift in Sources */ = {isa = PBXBuildFile; fileRef = B26A46622CCFC4250064AF46 /* LaunchScreen.swift */; };
		B26A46642CCFC4250064AF46 /* LaunchScreen.swift in Sources */ = {isa = PBXBuildFile; fileRef = B26A46622CCFC4250064AF46 /* LaunchScreen.swift */; };
		B26A46652CCFC4250064AF46 /* LaunchScreen.swift in Sources */ = {isa = PBXBuildFile; fileRef = B26A46622CCFC4250064AF46 /* LaunchScreen.swift */; };
		B2B837C72BCB102F00BBC748 /* MuscleMemoryApp.swift in Sources */ = {isa = PBXBuildFile; fileRef = B2B837C62BCB102F00BBC748 /* MuscleMemoryApp.swift */; };
		B2B837C92BCB102F00BBC748 /* ImportedNotes.swift in Sources */ = {isa = PBXBuildFile; fileRef = B2B837C82BCB102F00BBC748 /* ImportedNotes.swift */; };
		B2B837CB2BCB103000BBC748 /* Assets.xcassets in Resources */ = {isa = PBXBuildFile; fileRef = B2B837CA2BCB103000BBC748 /* Assets.xcassets */; };
		B2B837CE2BCB103000BBC748 /* Preview Assets.xcassets in Resources */ = {isa = PBXBuildFile; fileRef = B2B837CD2BCB103000BBC748 /* Preview Assets.xcassets */; };
		B2B837D82BCB103000BBC748 /* MuscleMemoryTests.swift in Sources */ = {isa = PBXBuildFile; fileRef = B2B837D72BCB103000BBC748 /* MuscleMemoryTests.swift */; };
		B2B837E22BCB103000BBC748 /* MuscleMemoryUITests.swift in Sources */ = {isa = PBXBuildFile; fileRef = B2B837E12BCB103000BBC748 /* MuscleMemoryUITests.swift */; };
		B2B837E42BCB103000BBC748 /* MuscleMemoryUITestsLaunchTests.swift in Sources */ = {isa = PBXBuildFile; fileRef = B2B837E32BCB103000BBC748 /* MuscleMemoryUITestsLaunchTests.swift */; };
		B2D220D02BD70B4400E55834 /* ImportedNotes.swift in Sources */ = {isa = PBXBuildFile; fileRef = B2B837C82BCB102F00BBC748 /* ImportedNotes.swift */; };
		B2D220D12BD70B4500E55834 /* ImportedNotes.swift in Sources */ = {isa = PBXBuildFile; fileRef = B2B837C82BCB102F00BBC748 /* ImportedNotes.swift */; };
		B2D220DE2BD981B800E55834 /* SwiftUI.framework in Frameworks */ = {isa = PBXBuildFile; fileRef = B2D220DD2BD981B800E55834 /* SwiftUI.framework */; };
		B2FF4B962CCD5C3A00A26EC7 /* NotionImportPageView.swift in Sources */ = {isa = PBXBuildFile; fileRef = B2FF4B952CCD5C3A00A26EC7 /* NotionImportPageView.swift */; };
		B2FF4B972CCD5C3A00A26EC7 /* NotionImportPageView.swift in Sources */ = {isa = PBXBuildFile; fileRef = B2FF4B952CCD5C3A00A26EC7 /* NotionImportPageView.swift */; };
		B2FF4B982CCD5C3A00A26EC7 /* NotionImportPageView.swift in Sources */ = {isa = PBXBuildFile; fileRef = B2FF4B952CCD5C3A00A26EC7 /* NotionImportPageView.swift */; };
/* End PBXBuildFile section */

/* Begin PBXContainerItemProxy section */
		B2B837D42BCB103000BBC748 /* PBXContainerItemProxy */ = {
			isa = PBXContainerItemProxy;
			containerPortal = B2B837BB2BCB102F00BBC748 /* Project object */;
			proxyType = 1;
			remoteGlobalIDString = B2B837C22BCB102F00BBC748;
			remoteInfo = MuscleMemory;
		};
		B2B837DE2BCB103000BBC748 /* PBXContainerItemProxy */ = {
			isa = PBXContainerItemProxy;
			containerPortal = B2B837BB2BCB102F00BBC748 /* Project object */;
			proxyType = 1;
			remoteGlobalIDString = B2B837C22BCB102F00BBC748;
			remoteInfo = MuscleMemory;
		};
/* End PBXContainerItemProxy section */

/* Begin PBXFileReference section */
		5D1B7FA42C6CD75F00B474B0 /* NotionCall.swift */ = {isa = PBXFileReference; lastKnownFileType = sourcecode.swift; path = NotionCall.swift; sourceTree = "<group>"; };
		B2177BAE2CBB3DA500DDF4E7 /* AuthView.swift */ = {isa = PBXFileReference; lastKnownFileType = sourcecode.swift; path = AuthView.swift; sourceTree = "<group>"; };
		B2177BB22CBC13B500DDF4E7 /* AuthBackend.swift */ = {isa = PBXFileReference; lastKnownFileType = sourcecode.swift; path = AuthBackend.swift; sourceTree = "<group>"; };
		B26842CE2CC704DB00471001 /* MainMenu.swift */ = {isa = PBXFileReference; lastKnownFileType = sourcecode.swift; path = MainMenu.swift; sourceTree = "<group>"; };
		B26842D22CC9F5FC00471001 /* SettingsView.swift */ = {isa = PBXFileReference; lastKnownFileType = sourcecode.swift; path = SettingsView.swift; sourceTree = "<group>"; };
		B26A46622CCFC4250064AF46 /* LaunchScreen.swift */ = {isa = PBXFileReference; lastKnownFileType = sourcecode.swift; path = LaunchScreen.swift; sourceTree = "<group>"; };
		B2B837C32BCB102F00BBC748 /* MuscleMemory.app */ = {isa = PBXFileReference; explicitFileType = wrapper.application; includeInIndex = 0; path = MuscleMemory.app; sourceTree = BUILT_PRODUCTS_DIR; };
		B2B837C62BCB102F00BBC748 /* MuscleMemoryApp.swift */ = {isa = PBXFileReference; lastKnownFileType = sourcecode.swift; path = MuscleMemoryApp.swift; sourceTree = "<group>"; };
		B2B837C82BCB102F00BBC748 /* ImportedNotes.swift */ = {isa = PBXFileReference; lastKnownFileType = sourcecode.swift; path = ImportedNotes.swift; sourceTree = "<group>"; };
		B2B837CA2BCB103000BBC748 /* Assets.xcassets */ = {isa = PBXFileReference; lastKnownFileType = folder.assetcatalog; path = Assets.xcassets; sourceTree = "<group>"; };
		B2B837CD2BCB103000BBC748 /* Preview Assets.xcassets */ = {isa = PBXFileReference; lastKnownFileType = folder.assetcatalog; path = "Preview Assets.xcassets"; sourceTree = "<group>"; };
		B2B837D32BCB103000BBC748 /* MuscleMemoryTests.xctest */ = {isa = PBXFileReference; explicitFileType = wrapper.cfbundle; includeInIndex = 0; path = MuscleMemoryTests.xctest; sourceTree = BUILT_PRODUCTS_DIR; };
		B2B837D72BCB103000BBC748 /* MuscleMemoryTests.swift */ = {isa = PBXFileReference; lastKnownFileType = sourcecode.swift; path = MuscleMemoryTests.swift; sourceTree = "<group>"; };
		B2B837DD2BCB103000BBC748 /* MuscleMemoryUITests.xctest */ = {isa = PBXFileReference; explicitFileType = wrapper.cfbundle; includeInIndex = 0; path = MuscleMemoryUITests.xctest; sourceTree = BUILT_PRODUCTS_DIR; };
		B2B837E12BCB103000BBC748 /* MuscleMemoryUITests.swift */ = {isa = PBXFileReference; lastKnownFileType = sourcecode.swift; path = MuscleMemoryUITests.swift; sourceTree = "<group>"; };
		B2B837E32BCB103000BBC748 /* MuscleMemoryUITestsLaunchTests.swift */ = {isa = PBXFileReference; lastKnownFileType = sourcecode.swift; path = MuscleMemoryUITestsLaunchTests.swift; sourceTree = "<group>"; };
		B2D220D92BD981B800E55834 /* dynamicIslandAnimationsExtension.appex */ = {isa = PBXFileReference; explicitFileType = "wrapper.app-extension"; includeInIndex = 0; path = dynamicIslandAnimationsExtension.appex; sourceTree = BUILT_PRODUCTS_DIR; };
		B2D220DD2BD981B800E55834 /* SwiftUI.framework */ = {isa = PBXFileReference; lastKnownFileType = wrapper.framework; name = SwiftUI.framework; path = System/Library/Frameworks/SwiftUI.framework; sourceTree = SDKROOT; };
		B2FF4B952CCD5C3A00A26EC7 /* NotionImportPageView.swift */ = {isa = PBXFileReference; lastKnownFileType = sourcecode.swift; path = NotionImportPageView.swift; sourceTree = "<group>"; };
/* End PBXFileReference section */

/* Begin PBXFrameworksBuildPhase section */
		B2B837C02BCB102F00BBC748 /* Frameworks */ = {
			isa = PBXFrameworksBuildPhase;
			buildActionMask = 2147483647;
			files = (
			);
			runOnlyForDeploymentPostprocessing = 0;
		};
		B2B837D02BCB103000BBC748 /* Frameworks */ = {
			isa = PBXFrameworksBuildPhase;
			buildActionMask = 2147483647;
			files = (
			);
			runOnlyForDeploymentPostprocessing = 0;
		};
		B2B837DA2BCB103000BBC748 /* Frameworks */ = {
			isa = PBXFrameworksBuildPhase;
			buildActionMask = 2147483647;
			files = (
			);
			runOnlyForDeploymentPostprocessing = 0;
		};
		B2D220D62BD981B800E55834 /* Frameworks */ = {
			isa = PBXFrameworksBuildPhase;
			buildActionMask = 2147483647;
			files = (
				B2D220DE2BD981B800E55834 /* SwiftUI.framework in Frameworks */,
			);
			runOnlyForDeploymentPostprocessing = 0;
		};
/* End PBXFrameworksBuildPhase section */

/* Begin PBXGroup section */
		B2B837BA2BCB102F00BBC748 = {
			isa = PBXGroup;
			children = (
				B2B837C52BCB102F00BBC748 /* MuscleMemory */,
				B2B837D62BCB103000BBC748 /* MuscleMemoryTests */,
				B2B837E02BCB103000BBC748 /* MuscleMemoryUITests */,
				B2D220DA2BD981B800E55834 /* Frameworks */,
				B2B837C42BCB102F00BBC748 /* Products */,
			);
			sourceTree = "<group>";
		};
		B2B837C42BCB102F00BBC748 /* Products */ = {
			isa = PBXGroup;
			children = (
				B2B837C32BCB102F00BBC748 /* MuscleMemory.app */,
				B2B837D32BCB103000BBC748 /* MuscleMemoryTests.xctest */,
				B2B837DD2BCB103000BBC748 /* MuscleMemoryUITests.xctest */,
				B2D220D92BD981B800E55834 /* dynamicIslandAnimationsExtension.appex */,
			);
			name = Products;
			sourceTree = "<group>";
		};
		B2B837C52BCB102F00BBC748 /* MuscleMemory */ = {
			isa = PBXGroup;
			children = (
				B2177BB22CBC13B500DDF4E7 /* AuthBackend.swift */,
				B26842D22CC9F5FC00471001 /* SettingsView.swift */,
				B2177BAE2CBB3DA500DDF4E7 /* AuthView.swift */,
				B2B837C82BCB102F00BBC748 /* ImportedNotes.swift */,
				5D1B7FA42C6CD75F00B474B0 /* NotionCall.swift */,
				B26842CE2CC704DB00471001 /* MainMenu.swift */,
				B2B837C62BCB102F00BBC748 /* MuscleMemoryApp.swift */,
				B2FF4B952CCD5C3A00A26EC7 /* NotionImportPageView.swift */,
				B26A46622CCFC4250064AF46 /* LaunchScreen.swift */,
				B2B837CA2BCB103000BBC748 /* Assets.xcassets */,
				B2B837CC2BCB103000BBC748 /* Preview Content */,
			);
			path = MuscleMemory;
			sourceTree = "<group>";
		};
		B2B837CC2BCB103000BBC748 /* Preview Content */ = {
			isa = PBXGroup;
			children = (
				B2B837CD2BCB103000BBC748 /* Preview Assets.xcassets */,
			);
			path = "Preview Content";
			sourceTree = "<group>";
		};
		B2B837D62BCB103000BBC748 /* MuscleMemoryTests */ = {
			isa = PBXGroup;
			children = (
				B2B837D72BCB103000BBC748 /* MuscleMemoryTests.swift */,
			);
			path = MuscleMemoryTests;
			sourceTree = "<group>";
		};
		B2B837E02BCB103000BBC748 /* MuscleMemoryUITests */ = {
			isa = PBXGroup;
			children = (
				B2B837E12BCB103000BBC748 /* MuscleMemoryUITests.swift */,
				B2B837E32BCB103000BBC748 /* MuscleMemoryUITestsLaunchTests.swift */,
			);
			path = MuscleMemoryUITests;
			sourceTree = "<group>";
		};
		B2D220DA2BD981B800E55834 /* Frameworks */ = {
			isa = PBXGroup;
			children = (
				B2D220DD2BD981B800E55834 /* SwiftUI.framework */,
			);
			name = Frameworks;
			sourceTree = "<group>";
		};
/* End PBXGroup section */

/* Begin PBXNativeTarget section */
		B2B837C22BCB102F00BBC748 /* MuscleMemory */ = {
			isa = PBXNativeTarget;
			buildConfigurationList = B2B837E72BCB103000BBC748 /* Build configuration list for PBXNativeTarget "MuscleMemory" */;
			buildPhases = (
				B2B837BF2BCB102F00BBC748 /* Sources */,
				B2B837C02BCB102F00BBC748 /* Frameworks */,
				B2B837C12BCB102F00BBC748 /* Resources */,
			);
			buildRules = (
			);
			dependencies = (
			);
			name = MuscleMemory;
			productName = MuscleMemory;
			productReference = B2B837C32BCB102F00BBC748 /* MuscleMemory.app */;
			productType = "com.apple.product-type.application";
		};
		B2B837D22BCB103000BBC748 /* MuscleMemoryTests */ = {
			isa = PBXNativeTarget;
			buildConfigurationList = B2B837EA2BCB103000BBC748 /* Build configuration list for PBXNativeTarget "MuscleMemoryTests" */;
			buildPhases = (
				B2B837CF2BCB103000BBC748 /* Sources */,
				B2B837D02BCB103000BBC748 /* Frameworks */,
				B2B837D12BCB103000BBC748 /* Resources */,
			);
			buildRules = (
			);
			dependencies = (
				B2B837D52BCB103000BBC748 /* PBXTargetDependency */,
			);
			name = MuscleMemoryTests;
			productName = MuscleMemoryTests;
			productReference = B2B837D32BCB103000BBC748 /* MuscleMemoryTests.xctest */;
			productType = "com.apple.product-type.bundle.unit-test";
		};
		B2B837DC2BCB103000BBC748 /* MuscleMemoryUITests */ = {
			isa = PBXNativeTarget;
			buildConfigurationList = B2B837ED2BCB103000BBC748 /* Build configuration list for PBXNativeTarget "MuscleMemoryUITests" */;
			buildPhases = (
				B2B837D92BCB103000BBC748 /* Sources */,
				B2B837DA2BCB103000BBC748 /* Frameworks */,
				B2B837DB2BCB103000BBC748 /* Resources */,
			);
			buildRules = (
			);
			dependencies = (
				B2B837DF2BCB103000BBC748 /* PBXTargetDependency */,
			);
			name = MuscleMemoryUITests;
			productName = MuscleMemoryUITests;
			productReference = B2B837DD2BCB103000BBC748 /* MuscleMemoryUITests.xctest */;
			productType = "com.apple.product-type.bundle.ui-testing";
		};
		B2D220D82BD981B800E55834 /* dynamicIslandAnimationsExtension */ = {
			isa = PBXNativeTarget;
			buildConfigurationList = B2D220EE2BD981B900E55834 /* Build configuration list for PBXNativeTarget "dynamicIslandAnimationsExtension" */;
			buildPhases = (
				B2D220D52BD981B800E55834 /* Sources */,
				B2D220D62BD981B800E55834 /* Frameworks */,
				B2D220D72BD981B800E55834 /* Resources */,
			);
			buildRules = (
			);
			dependencies = (
			);
			name = dynamicIslandAnimationsExtension;
			productName = dynamicIslandAnimationsExtension;
			productReference = B2D220D92BD981B800E55834 /* dynamicIslandAnimationsExtension.appex */;
			productType = "com.apple.product-type.app-extension";
		};
/* End PBXNativeTarget section */

/* Begin PBXProject section */
		B2B837BB2BCB102F00BBC748 /* Project object */ = {
			isa = PBXProject;
			attributes = {
				BuildIndependentTargetsInParallel = 1;
				LastSwiftUpdateCheck = 1530;
				LastUpgradeCheck = 1600;
				TargetAttributes = {
					B2B837C22BCB102F00BBC748 = {
						CreatedOnToolsVersion = 15.3;
					};
					B2B837D22BCB103000BBC748 = {
						CreatedOnToolsVersion = 15.3;
						TestTargetID = B2B837C22BCB102F00BBC748;
					};
					B2B837DC2BCB103000BBC748 = {
						CreatedOnToolsVersion = 15.3;
						TestTargetID = B2B837C22BCB102F00BBC748;
					};
					B2D220D82BD981B800E55834 = {
						CreatedOnToolsVersion = 15.3;
					};
				};
			};
			buildConfigurationList = B2B837BE2BCB102F00BBC748 /* Build configuration list for PBXProject "MuscleMemory" */;
			compatibilityVersion = "Xcode 14.0";
			developmentRegion = en;
			hasScannedForEncodings = 0;
			knownRegions = (
				en,
				Base,
			);
			mainGroup = B2B837BA2BCB102F00BBC748;
			productRefGroup = B2B837C42BCB102F00BBC748 /* Products */;
			projectDirPath = "";
			projectRoot = "";
			targets = (
				B2B837C22BCB102F00BBC748 /* MuscleMemory */,
				B2B837D22BCB103000BBC748 /* MuscleMemoryTests */,
				B2B837DC2BCB103000BBC748 /* MuscleMemoryUITests */,
				B2D220D82BD981B800E55834 /* dynamicIslandAnimationsExtension */,
			);
		};
/* End PBXProject section */

/* Begin PBXResourcesBuildPhase section */
		B2B837C12BCB102F00BBC748 /* Resources */ = {
			isa = PBXResourcesBuildPhase;
			buildActionMask = 2147483647;
			files = (
				B2B837CE2BCB103000BBC748 /* Preview Assets.xcassets in Resources */,
				B2B837CB2BCB103000BBC748 /* Assets.xcassets in Resources */,
			);
			runOnlyForDeploymentPostprocessing = 0;
		};
		B2B837D12BCB103000BBC748 /* Resources */ = {
			isa = PBXResourcesBuildPhase;
			buildActionMask = 2147483647;
			files = (
			);
			runOnlyForDeploymentPostprocessing = 0;
		};
		B2B837DB2BCB103000BBC748 /* Resources */ = {
			isa = PBXResourcesBuildPhase;
			buildActionMask = 2147483647;
			files = (
			);
			runOnlyForDeploymentPostprocessing = 0;
		};
		B2D220D72BD981B800E55834 /* Resources */ = {
			isa = PBXResourcesBuildPhase;
			buildActionMask = 2147483647;
			files = (
			);
			runOnlyForDeploymentPostprocessing = 0;
		};
/* End PBXResourcesBuildPhase section */

/* Begin PBXSourcesBuildPhase section */
		B2B837BF2BCB102F00BBC748 /* Sources */ = {
			isa = PBXSourcesBuildPhase;
			buildActionMask = 2147483647;
			files = (
				B26842D52CC9F5FD00471001 /* SettingsView.swift in Sources */,
				B2177BB32CBC13C700DDF4E7 /* AuthBackend.swift in Sources */,
				B26A46632CCFC4250064AF46 /* LaunchScreen.swift in Sources */,
				B26842D12CC704DB00471001 /* MainMenu.swift in Sources */,
				B2B837C92BCB102F00BBC748 /* ImportedNotes.swift in Sources */,
				B2B837C72BCB102F00BBC748 /* MuscleMemoryApp.swift in Sources */,
				B2FF4B972CCD5C3A00A26EC7 /* NotionImportPageView.swift in Sources */,
				B2177BB12CBB3DA500DDF4E7 /* AuthView.swift in Sources */,
				5D1B7FA62C6CD75F00B474B0 /* NotionCall.swift in Sources */,
			);
			runOnlyForDeploymentPostprocessing = 0;
		};
		B2B837CF2BCB103000BBC748 /* Sources */ = {
			isa = PBXSourcesBuildPhase;
			buildActionMask = 2147483647;
			files = (
				B26842D42CC9F5FC00471001 /* SettingsView.swift in Sources */,
				B2177BB42CBC13C700DDF4E7 /* AuthBackend.swift in Sources */,
				B26A46652CCFC4250064AF46 /* LaunchScreen.swift in Sources */,
				B26842CF2CC704DB00471001 /* MainMenu.swift in Sources */,
				B2D220D02BD70B4400E55834 /* ImportedNotes.swift in Sources */,
				B2B837D82BCB103000BBC748 /* MuscleMemoryTests.swift in Sources */,
				B2FF4B982CCD5C3A00A26EC7 /* NotionImportPageView.swift in Sources */,
				B2177BAF2CBB3DA500DDF4E7 /* AuthView.swift in Sources */,
				5D1B7FA52C6CD75F00B474B0 /* NotionCall.swift in Sources */,
			);
			runOnlyForDeploymentPostprocessing = 0;
		};
		B2B837D92BCB103000BBC748 /* Sources */ = {
			isa = PBXSourcesBuildPhase;
			buildActionMask = 2147483647;
			files = (
				B2177BB52CBC13C700DDF4E7 /* AuthBackend.swift in Sources */,
				B26842D32CC9F5FC00471001 /* SettingsView.swift in Sources */,
				B26A46642CCFC4250064AF46 /* LaunchScreen.swift in Sources */,
				B2B837E42BCB103000BBC748 /* MuscleMemoryUITestsLaunchTests.swift in Sources */,
				B26842D02CC704DB00471001 /* MainMenu.swift in Sources */,
				B2177BB02CBB3DA500DDF4E7 /* AuthView.swift in Sources */,
				B2B837E22BCB103000BBC748 /* MuscleMemoryUITests.swift in Sources */,
				B2FF4B962CCD5C3A00A26EC7 /* NotionImportPageView.swift in Sources */,
				5D1B7FA72C6CD75F00B474B0 /* NotionCall.swift in Sources */,
				B2D220D12BD70B4500E55834 /* ImportedNotes.swift in Sources */,
			);
			runOnlyForDeploymentPostprocessing = 0;
		};
		B2D220D52BD981B800E55834 /* Sources */ = {
			isa = PBXSourcesBuildPhase;
			buildActionMask = 2147483647;
			files = (
			);
			runOnlyForDeploymentPostprocessing = 0;
		};
/* End PBXSourcesBuildPhase section */

/* Begin PBXTargetDependency section */
		B2B837D52BCB103000BBC748 /* PBXTargetDependency */ = {
			isa = PBXTargetDependency;
			target = B2B837C22BCB102F00BBC748 /* MuscleMemory */;
			targetProxy = B2B837D42BCB103000BBC748 /* PBXContainerItemProxy */;
		};
		B2B837DF2BCB103000BBC748 /* PBXTargetDependency */ = {
			isa = PBXTargetDependency;
			target = B2B837C22BCB102F00BBC748 /* MuscleMemory */;
			targetProxy = B2B837DE2BCB103000BBC748 /* PBXContainerItemProxy */;
		};
/* End PBXTargetDependency section */

/* Begin XCBuildConfiguration section */
		B2B837E52BCB103000BBC748 /* Debug */ = {
			isa = XCBuildConfiguration;
			buildSettings = {
				ALWAYS_SEARCH_USER_PATHS = NO;
				ASSETCATALOG_COMPILER_GENERATE_SWIFT_ASSET_SYMBOL_EXTENSIONS = YES;
				CLANG_ANALYZER_NONNULL = YES;
				CLANG_ANALYZER_NUMBER_OBJECT_CONVERSION = YES_AGGRESSIVE;
				CLANG_CXX_LANGUAGE_STANDARD = "gnu++20";
				CLANG_ENABLE_MODULES = YES;
				CLANG_ENABLE_OBJC_ARC = YES;
				CLANG_ENABLE_OBJC_WEAK = YES;
				CLANG_WARN_BLOCK_CAPTURE_AUTORELEASING = YES;
				CLANG_WARN_BOOL_CONVERSION = YES;
				CLANG_WARN_COMMA = YES;
				CLANG_WARN_CONSTANT_CONVERSION = YES;
				CLANG_WARN_DEPRECATED_OBJC_IMPLEMENTATIONS = YES;
				CLANG_WARN_DIRECT_OBJC_ISA_USAGE = YES_ERROR;
				CLANG_WARN_DOCUMENTATION_COMMENTS = YES;
				CLANG_WARN_EMPTY_BODY = YES;
				CLANG_WARN_ENUM_CONVERSION = YES;
				CLANG_WARN_INFINITE_RECURSION = YES;
				CLANG_WARN_INT_CONVERSION = YES;
				CLANG_WARN_NON_LITERAL_NULL_CONVERSION = YES;
				CLANG_WARN_OBJC_IMPLICIT_RETAIN_SELF = YES;
				CLANG_WARN_OBJC_LITERAL_CONVERSION = YES;
				CLANG_WARN_OBJC_ROOT_CLASS = YES_ERROR;
				CLANG_WARN_QUOTED_INCLUDE_IN_FRAMEWORK_HEADER = YES;
				CLANG_WARN_RANGE_LOOP_ANALYSIS = YES;
				CLANG_WARN_STRICT_PROTOTYPES = YES;
				CLANG_WARN_SUSPICIOUS_MOVE = YES;
				CLANG_WARN_UNGUARDED_AVAILABILITY = YES_AGGRESSIVE;
				CLANG_WARN_UNREACHABLE_CODE = YES;
				CLANG_WARN__DUPLICATE_METHOD_MATCH = YES;
				COPY_PHASE_STRIP = NO;
				DEBUG_INFORMATION_FORMAT = dwarf;
				ENABLE_STRICT_OBJC_MSGSEND = YES;
				ENABLE_TESTABILITY = YES;
				ENABLE_USER_SCRIPT_SANDBOXING = YES;
				GCC_C_LANGUAGE_STANDARD = gnu17;
				GCC_DYNAMIC_NO_PIC = NO;
				GCC_NO_COMMON_BLOCKS = YES;
				GCC_OPTIMIZATION_LEVEL = 0;
				GCC_PREPROCESSOR_DEFINITIONS = (
					"DEBUG=1",
					"$(inherited)",
				);
				GCC_WARN_64_TO_32_BIT_CONVERSION = YES;
				GCC_WARN_ABOUT_RETURN_TYPE = YES_ERROR;
				GCC_WARN_UNDECLARED_SELECTOR = YES;
				GCC_WARN_UNINITIALIZED_AUTOS = YES_AGGRESSIVE;
				GCC_WARN_UNUSED_FUNCTION = YES;
				GCC_WARN_UNUSED_VARIABLE = YES;
				"INFOPLIST_FILE[sdk=*]" = "";
				IPHONEOS_DEPLOYMENT_TARGET = 17.4;
				LOCALIZATION_PREFERS_STRING_CATALOGS = YES;
				MTL_ENABLE_DEBUG_INFO = INCLUDE_SOURCE;
				MTL_FAST_MATH = YES;
				ONLY_ACTIVE_ARCH = YES;
				SDKROOT = iphoneos;
				SWIFT_ACTIVE_COMPILATION_CONDITIONS = "DEBUG $(inherited)";
				SWIFT_OPTIMIZATION_LEVEL = "-Onone";
			};
			name = Debug;
		};
		B2B837E62BCB103000BBC748 /* Release */ = {
			isa = XCBuildConfiguration;
			buildSettings = {
				ALWAYS_SEARCH_USER_PATHS = NO;
				ASSETCATALOG_COMPILER_GENERATE_SWIFT_ASSET_SYMBOL_EXTENSIONS = YES;
				CLANG_ANALYZER_NONNULL = YES;
				CLANG_ANALYZER_NUMBER_OBJECT_CONVERSION = YES_AGGRESSIVE;
				CLANG_CXX_LANGUAGE_STANDARD = "gnu++20";
				CLANG_ENABLE_MODULES = YES;
				CLANG_ENABLE_OBJC_ARC = YES;
				CLANG_ENABLE_OBJC_WEAK = YES;
				CLANG_WARN_BLOCK_CAPTURE_AUTORELEASING = YES;
				CLANG_WARN_BOOL_CONVERSION = YES;
				CLANG_WARN_COMMA = YES;
				CLANG_WARN_CONSTANT_CONVERSION = YES;
				CLANG_WARN_DEPRECATED_OBJC_IMPLEMENTATIONS = YES;
				CLANG_WARN_DIRECT_OBJC_ISA_USAGE = YES_ERROR;
				CLANG_WARN_DOCUMENTATION_COMMENTS = YES;
				CLANG_WARN_EMPTY_BODY = YES;
				CLANG_WARN_ENUM_CONVERSION = YES;
				CLANG_WARN_INFINITE_RECURSION = YES;
				CLANG_WARN_INT_CONVERSION = YES;
				CLANG_WARN_NON_LITERAL_NULL_CONVERSION = YES;
				CLANG_WARN_OBJC_IMPLICIT_RETAIN_SELF = YES;
				CLANG_WARN_OBJC_LITERAL_CONVERSION = YES;
				CLANG_WARN_OBJC_ROOT_CLASS = YES_ERROR;
				CLANG_WARN_QUOTED_INCLUDE_IN_FRAMEWORK_HEADER = YES;
				CLANG_WARN_RANGE_LOOP_ANALYSIS = YES;
				CLANG_WARN_STRICT_PROTOTYPES = YES;
				CLANG_WARN_SUSPICIOUS_MOVE = YES;
				CLANG_WARN_UNGUARDED_AVAILABILITY = YES_AGGRESSIVE;
				CLANG_WARN_UNREACHABLE_CODE = YES;
				CLANG_WARN__DUPLICATE_METHOD_MATCH = YES;
				COPY_PHASE_STRIP = NO;
				DEBUG_INFORMATION_FORMAT = "dwarf-with-dsym";
				ENABLE_NS_ASSERTIONS = NO;
				ENABLE_STRICT_OBJC_MSGSEND = YES;
				ENABLE_USER_SCRIPT_SANDBOXING = YES;
				GCC_C_LANGUAGE_STANDARD = gnu17;
				GCC_NO_COMMON_BLOCKS = YES;
				GCC_WARN_64_TO_32_BIT_CONVERSION = YES;
				GCC_WARN_ABOUT_RETURN_TYPE = YES_ERROR;
				GCC_WARN_UNDECLARED_SELECTOR = YES;
				GCC_WARN_UNINITIALIZED_AUTOS = YES_AGGRESSIVE;
				GCC_WARN_UNUSED_FUNCTION = YES;
				GCC_WARN_UNUSED_VARIABLE = YES;
				IPHONEOS_DEPLOYMENT_TARGET = 17.4;
				LOCALIZATION_PREFERS_STRING_CATALOGS = YES;
				MTL_ENABLE_DEBUG_INFO = NO;
				MTL_FAST_MATH = YES;
				SDKROOT = iphoneos;
				SWIFT_COMPILATION_MODE = wholemodule;
				VALIDATE_PRODUCT = YES;
			};
			name = Release;
		};
		B2B837E82BCB103000BBC748 /* Debug */ = {
			isa = XCBuildConfiguration;
			buildSettings = {
				ASSETCATALOG_COMPILER_APPICON_NAME = AppIcon;
				ASSETCATALOG_COMPILER_GLOBAL_ACCENT_COLOR_NAME = AccentColor;
				CODE_SIGN_STYLE = Automatic;
				CURRENT_PROJECT_VERSION = 1;
				DEVELOPMENT_ASSET_PATHS = "\"MuscleMemory/Preview Content\"";
				DEVELOPMENT_TEAM = L96XRPBK46;
				ENABLE_PREVIEWS = YES;
				GENERATE_INFOPLIST_FILE = YES;
				INFOPLIST_KEY_LSApplicationCategoryType = "public.app-category.education";
				INFOPLIST_KEY_NSSupportsLiveActivities = YES;
				INFOPLIST_KEY_UIApplicationSceneManifest_Generation = YES;
				INFOPLIST_KEY_UIApplicationSupportsIndirectInputEvents = YES;
				INFOPLIST_KEY_UILaunchScreen_Generation = YES;
				INFOPLIST_KEY_UISupportedInterfaceOrientations = UIInterfaceOrientationPortrait;
				INFOPLIST_KEY_UISupportedInterfaceOrientations_iPad = "UIInterfaceOrientationLandscapeLeft UIInterfaceOrientationLandscapeRight UIInterfaceOrientationPortrait UIInterfaceOrientationPortraitUpsideDown";
				IPHONEOS_DEPLOYMENT_TARGET = 18.0;
				LD_RUNPATH_SEARCH_PATHS = (
					"$(inherited)",
					"@executable_path/Frameworks",
				);
				MARKETING_VERSION = 1.0;
				PRODUCT_BUNDLE_IDENTIFIER = com.MacGPT.MuscleMemory;
				PRODUCT_NAME = "$(TARGET_NAME)";
				SWIFT_EMIT_LOC_STRINGS = YES;
				SWIFT_VERSION = 5.0;
				TARGETED_DEVICE_FAMILY = "1,2";
			};
			name = Debug;
		};
		B2B837E92BCB103000BBC748 /* Release */ = {
			isa = XCBuildConfiguration;
			buildSettings = {
				ASSETCATALOG_COMPILER_APPICON_NAME = AppIcon;
				ASSETCATALOG_COMPILER_GLOBAL_ACCENT_COLOR_NAME = AccentColor;
				CODE_SIGN_STYLE = Automatic;
				CURRENT_PROJECT_VERSION = 1;
				DEVELOPMENT_ASSET_PATHS = "\"MuscleMemory/Preview Content\"";
				DEVELOPMENT_TEAM = L96XRPBK46;
				ENABLE_PREVIEWS = YES;
				GENERATE_INFOPLIST_FILE = YES;
				INFOPLIST_KEY_LSApplicationCategoryType = "public.app-category.education";
				INFOPLIST_KEY_NSSupportsLiveActivities = YES;
				INFOPLIST_KEY_UIApplicationSceneManifest_Generation = YES;
				INFOPLIST_KEY_UIApplicationSupportsIndirectInputEvents = YES;
				INFOPLIST_KEY_UILaunchScreen_Generation = YES;
				INFOPLIST_KEY_UISupportedInterfaceOrientations = UIInterfaceOrientationPortrait;
				INFOPLIST_KEY_UISupportedInterfaceOrientations_iPad = "UIInterfaceOrientationLandscapeLeft UIInterfaceOrientationLandscapeRight UIInterfaceOrientationPortrait UIInterfaceOrientationPortraitUpsideDown";
				IPHONEOS_DEPLOYMENT_TARGET = 18.0;
				LD_RUNPATH_SEARCH_PATHS = (
					"$(inherited)",
					"@executable_path/Frameworks",
				);
				MARKETING_VERSION = 1.0;
				PRODUCT_BUNDLE_IDENTIFIER = com.MacGPT.MuscleMemory;
				PRODUCT_NAME = "$(TARGET_NAME)";
				SWIFT_EMIT_LOC_STRINGS = YES;
				SWIFT_VERSION = 5.0;
				TARGETED_DEVICE_FAMILY = "1,2";
			};
			name = Release;
		};
		B2B837EB2BCB103000BBC748 /* Debug */ = {
			isa = XCBuildConfiguration;
			buildSettings = {
				BUNDLE_LOADER = "$(TEST_HOST)";
				CODE_SIGN_STYLE = Automatic;
				CURRENT_PROJECT_VERSION = 1;
				DEVELOPMENT_TEAM = L96XRPBK46;
				GENERATE_INFOPLIST_FILE = YES;
				IPHONEOS_DEPLOYMENT_TARGET = 17.4;
				MARKETING_VERSION = 1.0;
				PRODUCT_BUNDLE_IDENTIFIER = com.MacGPT.MuscleMemoryTests;
				PRODUCT_NAME = "$(TARGET_NAME)";
				SWIFT_EMIT_LOC_STRINGS = NO;
				SWIFT_VERSION = 5.0;
				TARGETED_DEVICE_FAMILY = "1,2";
				TEST_HOST = "$(BUILT_PRODUCTS_DIR)/MuscleMemory.app/$(BUNDLE_EXECUTABLE_FOLDER_PATH)/MuscleMemory";
			};
			name = Debug;
		};
		B2B837EC2BCB103000BBC748 /* Release */ = {
			isa = XCBuildConfiguration;
			buildSettings = {
				BUNDLE_LOADER = "$(TEST_HOST)";
				CODE_SIGN_STYLE = Automatic;
				CURRENT_PROJECT_VERSION = 1;
				DEVELOPMENT_TEAM = L96XRPBK46;
				GENERATE_INFOPLIST_FILE = YES;
				IPHONEOS_DEPLOYMENT_TARGET = 17.4;
				MARKETING_VERSION = 1.0;
				PRODUCT_BUNDLE_IDENTIFIER = com.MacGPT.MuscleMemoryTests;
				PRODUCT_NAME = "$(TARGET_NAME)";
				SWIFT_EMIT_LOC_STRINGS = NO;
				SWIFT_VERSION = 5.0;
				TARGETED_DEVICE_FAMILY = "1,2";
				TEST_HOST = "$(BUILT_PRODUCTS_DIR)/MuscleMemory.app/$(BUNDLE_EXECUTABLE_FOLDER_PATH)/MuscleMemory";
			};
			name = Release;
		};
		B2B837EE2BCB103000BBC748 /* Debug */ = {
			isa = XCBuildConfiguration;
			buildSettings = {
				"CODE_SIGN_IDENTITY[sdk=macosx*]" = "Apple Development";
				CODE_SIGN_STYLE = Automatic;
				CURRENT_PROJECT_VERSION = 1;
				DEVELOPMENT_TEAM = L96XRPBK46;
				GENERATE_INFOPLIST_FILE = YES;
				MARKETING_VERSION = 1.0;
				PRODUCT_BUNDLE_IDENTIFIER = com.MacGPT.MuscleMemoryUITests;
				PRODUCT_NAME = "$(TARGET_NAME)";
				SWIFT_EMIT_LOC_STRINGS = NO;
				SWIFT_VERSION = 5.0;
				TARGETED_DEVICE_FAMILY = "1,2";
				TEST_TARGET_NAME = MuscleMemory;
			};
			name = Debug;
		};
		B2B837EF2BCB103000BBC748 /* Release */ = {
			isa = XCBuildConfiguration;
			buildSettings = {
				"CODE_SIGN_IDENTITY[sdk=macosx*]" = "Apple Development";
				CODE_SIGN_STYLE = Automatic;
				CURRENT_PROJECT_VERSION = 1;
				DEVELOPMENT_TEAM = L96XRPBK46;
				GENERATE_INFOPLIST_FILE = YES;
				MARKETING_VERSION = 1.0;
				PRODUCT_BUNDLE_IDENTIFIER = com.MacGPT.MuscleMemoryUITests;
				PRODUCT_NAME = "$(TARGET_NAME)";
				SWIFT_EMIT_LOC_STRINGS = NO;
				SWIFT_VERSION = 5.0;
				TARGETED_DEVICE_FAMILY = "1,2";
				TEST_TARGET_NAME = MuscleMemory;
			};
			name = Release;
		};
		B2D220EF2BD981B900E55834 /* Debug */ = {
			isa = XCBuildConfiguration;
			buildSettings = {
				ASSETCATALOG_COMPILER_GLOBAL_ACCENT_COLOR_NAME = AccentColor;
				ASSETCATALOG_COMPILER_WIDGET_BACKGROUND_COLOR_NAME = WidgetBackground;
				CODE_SIGN_STYLE = Automatic;
				CURRENT_PROJECT_VERSION = 1;
				DEVELOPMENT_TEAM = L96XRPBK46;
				GENERATE_INFOPLIST_FILE = YES;
				INFOPLIST_FILE = dynamicIslandAnimations/Info.plist;
				INFOPLIST_KEY_CFBundleDisplayName = dynamicIslandAnimations;
				INFOPLIST_KEY_NSHumanReadableCopyright = "";
				LD_RUNPATH_SEARCH_PATHS = (
					"$(inherited)",
					"@executable_path/Frameworks",
					"@executable_path/../../Frameworks",
				);
				MARKETING_VERSION = 1.0;
				PRODUCT_BUNDLE_IDENTIFIER = com.MacGPT.MuscleMemory.dynamicIslandAnimations;
				PRODUCT_NAME = "$(TARGET_NAME)";
				SKIP_INSTALL = YES;
				SWIFT_EMIT_LOC_STRINGS = YES;
				SWIFT_VERSION = 5.0;
				TARGETED_DEVICE_FAMILY = "1,2";
			};
			name = Debug;
		};
		B2D220F02BD981B900E55834 /* Release */ = {
			isa = XCBuildConfiguration;
			buildSettings = {
				ASSETCATALOG_COMPILER_GLOBAL_ACCENT_COLOR_NAME = AccentColor;
				ASSETCATALOG_COMPILER_WIDGET_BACKGROUND_COLOR_NAME = WidgetBackground;
				CODE_SIGN_STYLE = Automatic;
				CURRENT_PROJECT_VERSION = 1;
				DEVELOPMENT_TEAM = L96XRPBK46;
				GENERATE_INFOPLIST_FILE = YES;
				INFOPLIST_FILE = dynamicIslandAnimations/Info.plist;
				INFOPLIST_KEY_CFBundleDisplayName = dynamicIslandAnimations;
				INFOPLIST_KEY_NSHumanReadableCopyright = "";
				LD_RUNPATH_SEARCH_PATHS = (
					"$(inherited)",
					"@executable_path/Frameworks",
					"@executable_path/../../Frameworks",
				);
				MARKETING_VERSION = 1.0;
				PRODUCT_BUNDLE_IDENTIFIER = com.MacGPT.MuscleMemory.dynamicIslandAnimations;
				PRODUCT_NAME = "$(TARGET_NAME)";
				SKIP_INSTALL = YES;
				SWIFT_EMIT_LOC_STRINGS = YES;
				SWIFT_VERSION = 5.0;
				TARGETED_DEVICE_FAMILY = "1,2";
			};
			name = Release;
		};
/* End XCBuildConfiguration section */

/* Begin XCConfigurationList section */
		B2B837BE2BCB102F00BBC748 /* Build configuration list for PBXProject "MuscleMemory" */ = {
			isa = XCConfigurationList;
			buildConfigurations = (
				B2B837E52BCB103000BBC748 /* Debug */,
				B2B837E62BCB103000BBC748 /* Release */,
			);
			defaultConfigurationIsVisible = 0;
			defaultConfigurationName = Release;
		};
		B2B837E72BCB103000BBC748 /* Build configuration list for PBXNativeTarget "MuscleMemory" */ = {
			isa = XCConfigurationList;
			buildConfigurations = (
				B2B837E82BCB103000BBC748 /* Debug */,
				B2B837E92BCB103000BBC748 /* Release */,
			);
			defaultConfigurationIsVisible = 0;
			defaultConfigurationName = Release;
		};
		B2B837EA2BCB103000BBC748 /* Build configuration list for PBXNativeTarget "MuscleMemoryTests" */ = {
			isa = XCConfigurationList;
			buildConfigurations = (
				B2B837EB2BCB103000BBC748 /* Debug */,
				B2B837EC2BCB103000BBC748 /* Release */,
			);
			defaultConfigurationIsVisible = 0;
			defaultConfigurationName = Release;
		};
		B2B837ED2BCB103000BBC748 /* Build configuration list for PBXNativeTarget "MuscleMemoryUITests" */ = {
			isa = XCConfigurationList;
			buildConfigurations = (
				B2B837EE2BCB103000BBC748 /* Debug */,
				B2B837EF2BCB103000BBC748 /* Release */,
			);
			defaultConfigurationIsVisible = 0;
			defaultConfigurationName = Release;
		};
		B2D220EE2BD981B900E55834 /* Build configuration list for PBXNativeTarget "dynamicIslandAnimationsExtension" */ = {
			isa = XCConfigurationList;
			buildConfigurations = (
				B2D220EF2BD981B900E55834 /* Debug */,
				B2D220F02BD981B900E55834 /* Release */,
			);
			defaultConfigurationIsVisible = 0;
			defaultConfigurationName = Release;
		};
/* End XCConfigurationList section */
	};
	rootObject = B2B837BB2BCB102F00BBC748 /* Project object */;
}
